{
  "meteor": {},
  "dependencies": {
    "basePackages": {
      "mocha-web": {}
    },
    "packages": {
      "mocha-web": {
        "git": "https://github.com/mad-eye/meteor-mocha-web.git",
        "tag": "v0.2.4",
        "commit": "97194bc90ea9b32047973ff44562a3da3b4e7477"
      }
    }
  }
}
